// !$*UTF8*$!
{
	archiveVersion = 1;
	classes = {
	};
	objectVersion = 50;
	objects = {

/* Begin PBXBuildFile section */
		60B4B17421C7A2E2008E7F2D /* TableViewCell.swift in Sources */ = {isa = PBXBuildFile; fileRef = 60B4B17321C7A2E2008E7F2D /* TableViewCell.swift */; };
		60C9C91921C747AF0027367A /* AppDelegate.swift in Sources */ = {isa = PBXBuildFile; fileRef = 60C9C91821C747AF0027367A /* AppDelegate.swift */; };
		60C9C91B21C747AF0027367A /* ViewController.swift in Sources */ = {isa = PBXBuildFile; fileRef = 60C9C91A21C747AF0027367A /* ViewController.swift */; };
		60C9C91E21C747AF0027367A /* Main.storyboard in Resources */ = {isa = PBXBuildFile; fileRef = 60C9C91C21C747AF0027367A /* Main.storyboard */; };
		60C9C92021C747B00027367A /* Assets.xcassets in Resources */ = {isa = PBXBuildFile; fileRef = 60C9C91F21C747B00027367A /* Assets.xcassets */; };
		60C9C92321C747B00027367A /* LaunchScreen.storyboard in Resources */ = {isa = PBXBuildFile; fileRef = 60C9C92121C747B00027367A /* LaunchScreen.storyboard */; };
		60C9C92E21C747B00027367A /* SlideMenuTests.swift in Sources */ = {isa = PBXBuildFile; fileRef = 60C9C92D21C747B00027367A /* SlideMenuTests.swift */; };
		60C9C93921C747B00027367A /* SlideMenuUITests.swift in Sources */ = {isa = PBXBuildFile; fileRef = 60C9C93821C747B00027367A /* SlideMenuUITests.swift */; };
/* End PBXBuildFile section */

/* Begin PBXContainerItemProxy section */
		60C9C92A21C747B00027367A /* PBXContainerItemProxy */ = {
			isa = PBXContainerItemProxy;
			containerPortal = 60C9C90D21C747AF0027367A /* Project object */;
			proxyType = 1;
			remoteGlobalIDString = 60C9C91421C747AF0027367A;
			remoteInfo = SlideMenu;
		};
		60C9C93521C747B00027367A /* PBXContainerItemProxy */ = {
			isa = PBXContainerItemProxy;
			containerPortal = 60C9C90D21C747AF0027367A /* Project object */;
			proxyType = 1;
			remoteGlobalIDString = 60C9C91421C747AF0027367A;
			remoteInfo = SlideMenu;
		};
/* End PBXContainerItemProxy section */

/* Begin PBXFileReference section */
		60B4B17321C7A2E2008E7F2D /* TableViewCell.swift */ = {isa = PBXFileReference; lastKnownFileType = sourcecode.swift; path = TableViewCell.swift; sourceTree = "<group>"; };
		60C9C91521C747AF0027367A /* SlideMenu.app */ = {isa = PBXFileReference; explicitFileType = wrapper.application; includeInIndex = 0; path = SlideMenu.app; sourceTree = BUILT_PRODUCTS_DIR; };
		60C9C91821C747AF0027367A /* AppDelegate.swift */ = {isa = PBXFileReference; lastKnownFileType = sourcecode.swift; path = AppDelegate.swift; sourceTree = "<group>"; };
		60C9C91A21C747AF0027367A /* ViewController.swift */ = {isa = PBXFileReference; lastKnownFileType = sourcecode.swift; path = ViewController.swift; sourceTree = "<group>"; };
		60C9C91D21C747AF0027367A /* Base */ = {isa = PBXFileReference; lastKnownFileType = file.storyboard; name = Base; path = Base.lproj/Main.storyboard; sourceTree = "<group>"; };
		60C9C91F21C747B00027367A /* Assets.xcassets */ = {isa = PBXFileReference; lastKnownFileType = folder.assetcatalog; path = Assets.xcassets; sourceTree = "<group>"; };
		60C9C92221C747B00027367A /* Base */ = {isa = PBXFileReference; lastKnownFileType = file.storyboard; name = Base; path = Base.lproj/LaunchScreen.storyboard; sourceTree = "<group>"; };
		60C9C92421C747B00027367A /* Info.plist */ = {isa = PBXFileReference; lastKnownFileType = text.plist.xml; path = Info.plist; sourceTree = "<group>"; };
		60C9C92921C747B00027367A /* SlideMenuTests.xctest */ = {isa = PBXFileReference; explicitFileType = wrapper.cfbundle; includeInIndex = 0; path = SlideMenuTests.xctest; sourceTree = BUILT_PRODUCTS_DIR; };
		60C9C92D21C747B00027367A /* SlideMenuTests.swift */ = {isa = PBXFileReference; lastKnownFileType = sourcecode.swift; path = SlideMenuTests.swift; sourceTree = "<group>"; };
		60C9C92F21C747B00027367A /* Info.plist */ = {isa = PBXFileReference; lastKnownFileType = text.plist.xml; path = Info.plist; sourceTree = "<group>"; };
		60C9C93421C747B00027367A /* SlideMenuUITests.xctest */ = {isa = PBXFileReference; explicitFileType = wrapper.cfbundle; includeInIndex = 0; path = SlideMenuUITests.xctest; sourceTree = BUILT_PRODUCTS_DIR; };
		60C9C93821C747B00027367A /* SlideMenuUITests.swift */ = {isa = PBXFileReference; lastKnownFileType = sourcecode.swift; path = SlideMenuUITests.swift; sourceTree = "<group>"; };
		60C9C93A21C747B00027367A /* Info.plist */ = {isa = PBXFileReference; lastKnownFileType = text.plist.xml; path = Info.plist; sourceTree = "<group>"; };
/* End PBXFileReference section */

/* Begin PBXFrameworksBuildPhase section */
		60C9C91221C747AF0027367A /* Frameworks */ = {
			isa = PBXFrameworksBuildPhase;
			buildActionMask = 2147483647;
			files = (
			);
			runOnlyForDeploymentPostprocessing = 0;
		};
		60C9C92621C747B00027367A /* Frameworks */ = {
			isa = PBXFrameworksBuildPhase;
			buildActionMask = 2147483647;
			files = (
			);
			runOnlyForDeploymentPostprocessing = 0;
		};
		60C9C93121C747B00027367A /* Frameworks */ = {
			isa = PBXFrameworksBuildPhase;
			buildActionMask = 2147483647;
			files = (
			);
			runOnlyForDeploymentPostprocessing = 0;
		};
/* End PBXFrameworksBuildPhase section */

/* Begin PBXGroup section */
		60C9C90C21C747AF0027367A = {
			isa = PBXGroup;
			children = (
				60C9C91721C747AF0027367A /* SlideMenu */,
				60C9C92C21C747B00027367A /* SlideMenuTests */,
				60C9C93721C747B00027367A /* SlideMenuUITests */,
				60C9C91621C747AF0027367A /* Products */,
			);
			sourceTree = "<group>";
		};
		60C9C91621C747AF0027367A /* Products */ = {
			isa = PBXGroup;
			children = (
				60C9C91521C747AF0027367A /* SlideMenu.app */,
				60C9C92921C747B00027367A /* SlideMenuTests.xctest */,
				60C9C93421C747B00027367A /* SlideMenuUITests.xctest */,
			);
			name = Products;
			sourceTree = "<group>";
		};
		60C9C91721C747AF0027367A /* SlideMenu */ = {
			isa = PBXGroup;
			children = (
				60C9C91821C747AF0027367A /* AppDelegate.swift */,
				60C9C91A21C747AF0027367A /* ViewController.swift */,
				60C9C91C21C747AF0027367A /* Main.storyboard */,
				60B4B17321C7A2E2008E7F2D /* TableViewCell.swift */,
				60C9C91F21C747B00027367A /* Assets.xcassets */,
				60C9C92121C747B00027367A /* LaunchScreen.storyboard */,
				60C9C92421C747B00027367A /* Info.plist */,
			);
			path = SlideMenu;
			sourceTree = "<group>";
		};
		60C9C92C21C747B00027367A /* SlideMenuTests */ = {
			isa = PBXGroup;
			children = (
				60C9C92D21C747B00027367A /* SlideMenuTests.swift */,
				60C9C92F21C747B00027367A /* Info.plist */,
			);
			path = SlideMenuTests;
			sourceTree = "<group>";
		};
		60C9C93721C747B00027367A /* SlideMenuUITests */ = {
			isa = PBXGroup;
			children = (
				60C9C93821C747B00027367A /* SlideMenuUITests.swift */,
				60C9C93A21C747B00027367A /* Info.plist */,
			);
			path = SlideMenuUITests;
			sourceTree = "<group>";
		};
/* End PBXGroup section */

/* Begin PBXNativeTarget section */
		60C9C91421C747AF0027367A /* SlideMenu */ = {
			isa = PBXNativeTarget;
			buildConfigurationList = 60C9C93D21C747B00027367A /* Build configuration list for PBXNativeTarget "SlideMenu" */;
			buildPhases = (
				60C9C91121C747AF0027367A /* Sources */,
				60C9C91221C747AF0027367A /* Frameworks */,
				60C9C91321C747AF0027367A /* Resources */,
			);
			buildRules = (
			);
			dependencies = (
			);
			name = SlideMenu;
			productName = SlideMenu;
			productReference = 60C9C91521C747AF0027367A /* SlideMenu.app */;
			productType = "com.apple.product-type.application";
		};
		60C9C92821C747B00027367A /* SlideMenuTests */ = {
			isa = PBXNativeTarget;
			buildConfigurationList = 60C9C94021C747B00027367A /* Build configuration list for PBXNativeTarget "SlideMenuTests" */;
			buildPhases = (
				60C9C92521C747B00027367A /* Sources */,
				60C9C92621C747B00027367A /* Frameworks */,
				60C9C92721C747B00027367A /* Resources */,
			);
			buildRules = (
			);
			dependencies = (
				60C9C92B21C747B00027367A /* PBXTargetDependency */,
			);
			name = SlideMenuTests;
			productName = SlideMenuTests;
			productReference = 60C9C92921C747B00027367A /* SlideMenuTests.xctest */;
			productType = "com.apple.product-type.bundle.unit-test";
		};
		60C9C93321C747B00027367A /* SlideMenuUITests */ = {
			isa = PBXNativeTarget;
			buildConfigurationList = 60C9C94321C747B00027367A /* Build configuration list for PBXNativeTarget "SlideMenuUITests" */;
			buildPhases = (
				60C9C93021C747B00027367A /* Sources */,
				60C9C93121C747B00027367A /* Frameworks */,
				60C9C93221C747B00027367A /* Resources */,
			);
			buildRules = (
			);
			dependencies = (
				60C9C93621C747B00027367A /* PBXTargetDependency */,
			);
			name = SlideMenuUITests;
			productName = SlideMenuUITests;
			productReference = 60C9C93421C747B00027367A /* SlideMenuUITests.xctest */;
			productType = "com.apple.product-type.bundle.ui-testing";
		};
/* End PBXNativeTarget section */

/* Begin PBXProject section */
		60C9C90D21C747AF0027367A /* Project object */ = {
			isa = PBXProject;
			attributes = {
				LastSwiftUpdateCheck = 1000;
				LastUpgradeCheck = 1000;
				ORGANIZATIONNAME = daicudu;
				TargetAttributes = {
					60C9C91421C747AF0027367A = {
						CreatedOnToolsVersion = 10.0;
					};
					60C9C92821C747B00027367A = {
						CreatedOnToolsVersion = 10.0;
						TestTargetID = 60C9C91421C747AF0027367A;
					};
					60C9C93321C747B00027367A = {
						CreatedOnToolsVersion = 10.0;
						TestTargetID = 60C9C91421C747AF0027367A;
					};
				};
			};
			buildConfigurationList = 60C9C91021C747AF0027367A /* Build configuration list for PBXProject "SlideMenu" */;
			compatibilityVersion = "Xcode 9.3";
			developmentRegion = en;
			hasScannedForEncodings = 0;
			knownRegions = (
				en,
				Base,
			);
			mainGroup = 60C9C90C21C747AF0027367A;
			productRefGroup = 60C9C91621C747AF0027367A /* Products */;
			projectDirPath = "";
			projectRoot = "";
			targets = (
				60C9C91421C747AF0027367A /* SlideMenu */,
				60C9C92821C747B00027367A /* SlideMenuTests */,
				60C9C93321C747B00027367A /* SlideMenuUITests */,
			);
		};
/* End PBXProject section */

/* Begin PBXResourcesBuildPhase section */
		60C9C91321C747AF0027367A /* Resources */ = {
			isa = PBXResourcesBuildPhase;
			buildActionMask = 2147483647;
			files = (
				60C9C92321C747B00027367A /* LaunchScreen.storyboard in Resources */,
				60C9C92021C747B00027367A /* Assets.xcassets in Resources */,
				60C9C91E21C747AF0027367A /* Main.storyboard in Resources */,
			);
			runOnlyForDeploymentPostprocessing = 0;
		};
		60C9C92721C747B00027367A /* Resources */ = {
			isa = PBXResourcesBuildPhase;
			buildActionMask = 2147483647;
			files = (
			);
			runOnlyForDeploymentPostprocessing = 0;
		};
		60C9C93221C747B00027367A /* Resources */ = {
			isa = PBXResourcesBuildPhase;
			buildActionMask = 2147483647;
			files = (
			);
			runOnlyForDeploymentPostprocessing = 0;
		};
/* End PBXResourcesBuildPhase section */

/* Begin PBXSourcesBuildPhase section */
		60C9C91121C747AF0027367A /* Sources */ = {
			isa = PBXSourcesBuildPhase;
			buildActionMask = 2147483647;
			files = (
				60B4B17421C7A2E2008E7F2D /* TableViewCell.swift in Sources */,
				60C9C91B21C747AF0027367A /* ViewController.swift in Sources */,
				60C9C91921C747AF0027367A /* AppDelegate.swift in Sources */,
			);
			runOnlyForDeploymentPostprocessing = 0;
		};
		60C9C92521C747B00027367A /* Sources */ = {
			isa = PBXSourcesBuildPhase;
			buildActionMask = 2147483647;
			files = (
				60C9C92E21C747B00027367A /* SlideMenuTests.swift in Sources */,
			);
			runOnlyForDeploymentPostprocessing = 0;
		};
		60C9C93021C747B00027367A /* Sources */ = {
			isa = PBXSourcesBuildPhase;
			buildActionMask = 2147483647;
			files = (
				60C9C93921C747B00027367A /* SlideMenuUITests.swift in Sources */,
			);
			runOnlyForDeploymentPostprocessing = 0;
		};
/* End PBXSourcesBuildPhase section */

/* Begin PBXTargetDependency section */
		60C9C92B21C747B00027367A /* PBXTargetDependency */ = {
			isa = PBXTargetDependency;
			target = 60C9C91421C747AF0027367A /* SlideMenu */;
			targetProxy = 60C9C92A21C747B00027367A /* PBXContainerItemProxy */;
		};
		60C9C93621C747B00027367A /* PBXTargetDependency */ = {
			isa = PBXTargetDependency;
			target = 60C9C91421C747AF0027367A /* SlideMenu */;
			targetProxy = 60C9C93521C747B00027367A /* PBXContainerItemProxy */;
		};
/* End PBXTargetDependency section */

/* Begin PBXVariantGroup section */
		60C9C91C21C747AF0027367A /* Main.storyboard */ = {
			isa = PBXVariantGroup;
			children = (
				60C9C91D21C747AF0027367A /* Base */,
			);
			name = Main.storyboard;
			sourceTree = "<group>";
		};
		60C9C92121C747B00027367A /* LaunchScreen.storyboard */ = {
			isa = PBXVariantGroup;
			children = (
				60C9C92221C747B00027367A /* Base */,
			);
			name = LaunchScreen.storyboard;
			sourceTree = "<group>";
		};
/* End PBXVariantGroup section */

/* Begin XCBuildConfiguration section */
		60C9C93B21C747B00027367A /* Debug */ = {
			isa = XCBuildConfiguration;
			buildSettings = {
				ALWAYS_SEARCH_USER_PATHS = NO;
				CLANG_ANALYZER_NONNULL = YES;
				CLANG_ANALYZER_NUMBER_OBJECT_CONVERSION = YES_AGGRESSIVE;
				CLANG_CXX_LANGUAGE_STANDARD = "gnu++14";
				CLANG_CXX_LIBRARY = "libc++";
				CLANG_ENABLE_MODULES = YES;
				CLANG_ENABLE_OBJC_ARC = YES;
				CLANG_ENABLE_OBJC_WEAK = YES;
				CLANG_WARN_BLOCK_CAPTURE_AUTORELEASING = YES;
				CLANG_WARN_BOOL_CONVERSION = YES;
				CLANG_WARN_COMMA = YES;
				CLANG_WARN_CONSTANT_CONVERSION = YES;
				CLANG_WARN_DEPRECATED_OBJC_IMPLEMENTATIONS = YES;
				CLANG_WARN_DIRECT_OBJC_ISA_USAGE = YES_ERROR;
				CLANG_WARN_DOCUMENTATION_COMMENTS = YES;
				CLANG_WARN_EMPTY_BODY = YES;
				CLANG_WARN_ENUM_CONVERSION = YES;
				CLANG_WARN_INFINITE_RECURSION = YES;
				CLANG_WARN_INT_CONVERSION = YES;
				CLANG_WARN_NON_LITERAL_NULL_CONVERSION = YES;
				CLANG_WARN_OBJC_IMPLICIT_RETAIN_SELF = YES;
				CLANG_WARN_OBJC_LITERAL_CONVERSION = YES;
				CLANG_WARN_OBJC_ROOT_CLASS = YES_ERROR;
				CLANG_WARN_RANGE_LOOP_ANALYSIS = YES;
				CLANG_WARN_STRICT_PROTOTYPES = YES;
				CLANG_WARN_SUSPICIOUS_MOVE = YES;
				CLANG_WARN_UNGUARDED_AVAILABILITY = YES_AGGRESSIVE;
				CLANG_WARN_UNREACHABLE_CODE = YES;
				CLANG_WARN__DUPLICATE_METHOD_MATCH = YES;
				CODE_SIGN_IDENTITY = "iPhone Developer";
				COPY_PHASE_STRIP = NO;
				DEBUG_INFORMATION_FORMAT = dwarf;
				ENABLE_STRICT_OBJC_MSGSEND = YES;
				ENABLE_TESTABILITY = YES;
				GCC_C_LANGUAGE_STANDARD = gnu11;
				GCC_DYNAMIC_NO_PIC = NO;
				GCC_NO_COMMON_BLOCKS = YES;
				GCC_OPTIMIZATION_LEVEL = 0;
				GCC_PREPROCESSOR_DEFINITIONS = (
					"DEBUG=1",
					"$(inherited)",
				);
				GCC_WARN_64_TO_32_BIT_CONVERSION = YES;
				GCC_WARN_ABOUT_RETURN_TYPE = YES_ERROR;
				GCC_WARN_UNDECLARED_SELECTOR = YES;
				GCC_WARN_UNINITIALIZED_AUTOS = YES_AGGRESSIVE;
				GCC_WARN_UNUSED_FUNCTION = YES;
				GCC_WARN_UNUSED_VARIABLE = YES;
				IPHONEOS_DEPLOYMENT_TARGET = 12.0;
				MTL_ENABLE_DEBUG_INFO = INCLUDE_SOURCE;
				MTL_FAST_MATH = YES;
				ONLY_ACTIVE_ARCH = YES;
				SDKROOT = iphoneos;
				SWIFT_ACTIVE_COMPILATION_CONDITIONS = DEBUG;
				SWIFT_OPTIMIZATION_LEVEL = "-Onone";
			};
			name = Debug;
		};
		60C9C93C21C747B00027367A /* Release */ = {
			isa = XCBuildConfiguration;
			buildSettings = {
				ALWAYS_SEARCH_USER_PATHS = NO;
				CLANG_ANALYZER_NONNULL = YES;
				CLANG_ANALYZER_NUMBER_OBJECT_CONVERSION = YES_AGGRESSIVE;
				CLANG_CXX_LANGUAGE_STANDARD = "gnu++14";
				CLANG_CXX_LIBRARY = "libc++";
				CLANG_ENABLE_MODULES = YES;
				CLANG_ENABLE_OBJC_ARC = YES;
				CLANG_ENABLE_OBJC_WEAK = YES;
				CLANG_WARN_BLOCK_CAPTURE_AUTORELEASING = YES;
				CLANG_WARN_BOOL_CONVERSION = YES;
				CLANG_WARN_COMMA = YES;
				CLANG_WARN_CONSTANT_CONVERSION = YES;
				CLANG_WARN_DEPRECATED_OBJC_IMPLEMENTATIONS = YES;
				CLANG_WARN_DIRECT_OBJC_ISA_USAGE = YES_ERROR;
				CLANG_WARN_DOCUMENTATION_COMMENTS = YES;
				CLANG_WARN_EMPTY_BODY = YES;
				CLANG_WARN_ENUM_CONVERSION = YES;
				CLANG_WARN_INFINITE_RECURSION = YES;
				CLANG_WARN_INT_CONVERSION = YES;
				CLANG_WARN_NON_LITERAL_NULL_CONVERSION = YES;
				CLANG_WARN_OBJC_IMPLICIT_RETAIN_SELF = YES;
				CLANG_WARN_OBJC_LITERAL_CONVERSION = YES;
				CLANG_WARN_OBJC_ROOT_CLASS = YES_ERROR;
				CLANG_WARN_RANGE_LOOP_ANALYSIS = YES;
				CLANG_WARN_STRICT_PROTOTYPES = YES;
				CLANG_WARN_SUSPICIOUS_MOVE = YES;
				CLANG_WARN_UNGUARDED_AVAILABILITY = YES_AGGRESSIVE;
				CLANG_WARN_UNREACHABLE_CODE = YES;
				CLANG_WARN__DUPLICATE_METHOD_MATCH = YES;
				CODE_SIGN_IDENTITY = "iPhone Developer";
				COPY_PHASE_STRIP = NO;
				DEBUG_INFORMATION_FORMAT = "dwarf-with-dsym";
				ENABLE_NS_ASSERTIONS = NO;
				ENABLE_STRICT_OBJC_MSGSEND = YES;
				GCC_C_LANGUAGE_STANDARD = gnu11;
				GCC_NO_COMMON_BLOCKS = YES;
				GCC_WARN_64_TO_32_BIT_CONVERSION = YES;
				GCC_WARN_ABOUT_RETURN_TYPE = YES_ERROR;
				GCC_WARN_UNDECLARED_SELECTOR = YES;
				GCC_WARN_UNINITIALIZED_AUTOS = YES_AGGRESSIVE;
				GCC_WARN_UNUSED_FUNCTION = YES;
				GCC_WARN_UNUSED_VARIABLE = YES;
				IPHONEOS_DEPLOYMENT_TARGET = 12.0;
				MTL_ENABLE_DEBUG_INFO = NO;
				MTL_FAST_MATH = YES;
				SDKROOT = iphoneos;
				SWIFT_COMPILATION_MODE = wholemodule;
				SWIFT_OPTIMIZATION_LEVEL = "-O";
				VALIDATE_PRODUCT = YES;
			};
			name = Release;
		};
		60C9C93E21C747B00027367A /* Debug */ = {
			isa = XCBuildConfiguration;
			buildSettings = {
				ASSETCATALOG_COMPILER_APPICON_NAME = AppIcon;
				CODE_SIGN_STYLE = Automatic;
				INFOPLIST_FILE = SlideMenu/Info.plist;
				LD_RUNPATH_SEARCH_PATHS = (
					"$(inherited)",
					"@executable_path/Frameworks",
				);
				PRODUCT_BUNDLE_IDENTIFIER = asddf.SlideMenu;
				PRODUCT_NAME = "$(TARGET_NAME)";
				SWIFT_VERSION = 4.2;
				TARGETED_DEVICE_FAMILY = "1,2";
			};
			name = Debug;
		};
		60C9C93F21C747B00027367A /* Release */ = {
			isa = XCBuildConfiguration;
			buildSettings = {
				ASSETCATALOG_COMPILER_APPICON_NAME = AppIcon;
				CODE_SIGN_STYLE = Automatic;
				INFOPLIST_FILE = SlideMenu/Info.plist;
				LD_RUNPATH_SEARCH_PATHS = (
					"$(inherited)",
					"@executable_path/Frameworks",
				);
				PRODUCT_BUNDLE_IDENTIFIER = asddf.SlideMenu;
				PRODUCT_NAME = "$(TARGET_NAME)";
				SWIFT_VERSION = 4.2;
				TARGETED_DEVICE_FAMILY = "1,2";
			};
			name = Release;
		};
		60C9C94121C747B00027367A /* Debug */ = {
			isa = XCBuildConfiguration;
			buildSettings = {
				ALWAYS_EMBED_SWIFT_STANDARD_LIBRARIES = YES;
				BUNDLE_LOADER = "$(TEST_HOST)";
				CODE_SIGN_STYLE = Automatic;
				INFOPLIST_FILE = SlideMenuTests/Info.plist;
				LD_RUNPATH_SEARCH_PATHS = (
					"$(inherited)",
					"@executable_path/Frameworks",
					"@loader_path/Frameworks",
				);
				PRODUCT_BUNDLE_IDENTIFIER = asddf.SlideMenuTests;
				PRODUCT_NAME = "$(TARGET_NAME)";
				SWIFT_VERSION = 4.2;
				TARGETED_DEVICE_FAMILY = "1,2";
				TEST_HOST = "$(BUILT_PRODUCTS_DIR)/SlideMenu.app/SlideMenu";
			};
			name = Debug;
		};
		60C9C94221C747B00027367A /* Release */ = {
			isa = XCBuildConfiguration;
			buildSettings = {
				ALWAYS_EMBED_SWIFT_STANDARD_LIBRARIES = YES;
				BUNDLE_LOADER = "$(TEST_HOST)";
				CODE_SIGN_STYLE = Automatic;
				INFOPLIST_FILE = SlideMenuTests/Info.plist;
				LD_RUNPATH_SEARCH_PATHS = (
					"$(inherited)",
					"@executable_path/Frameworks",
					"@loader_path/Frameworks",
				);
				PRODUCT_BUNDLE_IDENTIFIER = asddf.SlideMenuTests;
				PRODUCT_NAME = "$(TARGET_NAME)";
				SWIFT_VERSION = 4.2;
				TARGETED_DEVICE_FAMILY = "1,2";
				TEST_HOST = "$(BUILT_PRODUCTS_DIR)/SlideMenu.app/SlideMenu";
			};
			name = Release;
		};
		60C9C94421C747B00027367A /* Debug */ = {
			isa = XCBuildConfiguration;
			buildSettings = {
				ALWAYS_EMBED_SWIFT_STANDARD_LIBRARIES = YES;
				CODE_SIGN_STYLE = Automatic;
				INFOPLIST_FILE = SlideMenuUITests/Info.plist;
				LD_RUNPATH_SEARCH_PATHS = (
					"$(inherited)",
					"@executable_path/Frameworks",
					"@loader_path/Frameworks",
				);
				PRODUCT_BUNDLE_IDENTIFIER = asddf.SlideMenuUITests;
				PRODUCT_NAME = "$(TARGET_NAME)";
				SWIFT_VERSION = 4.2;
				TARGETED_DEVICE_FAMILY = "1,2";
				TEST_TARGET_NAME = SlideMenu;
			};
			name = Debug;
		};
		60C9C94521C747B00027367A /* Release */ = {
			isa = XCBuildConfiguration;
			buildSettings = {
				ALWAYS_EMBED_SWIFT_STANDARD_LIBRARIES = YES;
				CODE_SIGN_STYLE = Automatic;
				INFOPLIST_FILE = SlideMenuUITests/Info.plist;
				LD_RUNPATH_SEARCH_PATHS = (
					"$(inherited)",
					"@executable_path/Frameworks",
					"@loader_path/Frameworks",
				);
				PRODUCT_BUNDLE_IDENTIFIER = asddf.SlideMenuUITests;
				PRODUCT_NAME = "$(TARGET_NAME)";
				SWIFT_VERSION = 4.2;
				TARGETED_DEVICE_FAMILY = "1,2";
				TEST_TARGET_NAME = SlideMenu;
			};
			name = Release;
		};
/* End XCBuildConfiguration section */

/* Begin XCConfigurationList section */
		60C9C91021C747AF0027367A /* Build configuration list for PBXProject "SlideMenu" */ = {
			isa = XCConfigurationList;
			buildConfigurations = (
				60C9C93B21C747B00027367A /* Debug */,
				60C9C93C21C747B00027367A /* Release */,
			);
			defaultConfigurationIsVisible = 0;
			defaultConfigurationName = Release;
		};
		60C9C93D21C747B00027367A /* Build configuration list for PBXNativeTarget "SlideMenu" */ = {
			isa = XCConfigurationList;
			buildConfigurations = (
				60C9C93E21C747B00027367A /* Debug */,
				60C9C93F21C747B00027367A /* Release */,
			);
			defaultConfigurationIsVisible = 0;
			defaultConfigurationName = Release;
		};
		60C9C94021C747B00027367A /* Build configuration list for PBXNativeTarget "SlideMenuTests" */ = {
			isa = XCConfigurationList;
			buildConfigurations = (
				60C9C94121C747B00027367A /* Debug */,
				60C9C94221C747B00027367A /* Release */,
			);
			defaultConfigurationIsVisible = 0;
			defaultConfigurationName = Release;
		};
		60C9C94321C747B00027367A /* Build configuration list for PBXNativeTarget "SlideMenuUITests" */ = {
			isa = XCConfigurationList;
			buildConfigurations = (
				60C9C94421C747B00027367A /* Debug */,
				60C9C94521C747B00027367A /* Release */,
			);
			defaultConfigurationIsVisible = 0;
			defaultConfigurationName = Release;
		};
/* End XCConfigurationList section */
	};
	rootObject = 60C9C90D21C747AF0027367A /* Project object */;
}
